
Microsoft Visual Studio Solution File, Format Version 10.00
# Visual Studio 2008
Project("{FAE04EC0-301F-11D3-BF4B-00C04F79EFBC}") = "Caelum.SeleniumDSL", "Caelum.SeleniumDSL\Caelum.SeleniumDSL.csproj", "{702A2955-1922-4538-B5EA-4749552F2DFE}"
EndProject
Project("{FAE04EC0-301F-11D3-BF4B-00C04F79EFBC}") = "Caelum.SeleniumDSL.Default.Tests.Unit", "Caelum.SeleniumDSL.Default.Tests.Unit\Caelum.SeleniumDSL.Default.Tests.Unit.csproj", "{FFE5FA6C-0F6A-43DB-B704-72F383B40C03}"
EndProject
Project("{FAE04EC0-301F-11D3-BF4B-00C04F79EFBC}") = "Caelum.SeleniumDSL.Default.Tests.Integration", "Caelum.SeleniumDSL.Default.Tests.Integration\Caelum.SeleniumDSL.Default.Tests.Integration.csproj", "{E296646A-8D4D-4F70-BE6B-0F72A64B2A94}"
EndProject
Project("{2150E333-8FDC-42A3-9474-1A3956D46DE8}") = "Solution Items", "Solution Items", "{B822A1C1-CDB5-43C5-AFA0-567251A688EF}"
	ProjectSection(SolutionItems) = preProject
		SeleniumDSL.testrunconfig = SeleniumDSL.testrunconfig
	EndProjectSection
EndProject
Project("{FAE04EC0-301F-11D3-BF4B-00C04F79EFBC}") = "Caelum.SeleniumDSL.Default", "Caelum.SeleniumDSL.Default\Caelum.SeleniumDSL.Default.csproj", "{42317374-060E-4020-8F89-9C8B22206EF8}"
EndProject
Global
	GlobalSection(SolutionConfigurationPlatforms) = preSolution
		Debug|Any CPU = Debug|Any CPU
		Release|Any CPU = Release|Any CPU
	EndGlobalSection
	GlobalSection(ProjectConfigurationPlatforms) = postSolution
		{702A2955-1922-4538-B5EA-4749552F2DFE}.Debug|Any CPU.ActiveCfg = Debug|Any CPU
		{702A2955-1922-4538-B5EA-4749552F2DFE}.Debug|Any CPU.Build.0 = Debug|Any CPU
		{702A2955-1922-4538-B5EA-4749552F2DFE}.Release|Any CPU.ActiveCfg = Release|Any CPU
		{702A2955-1922-4538-B5EA-4749552F2DFE}.Release|Any CPU.Build.0 = Release|Any CPU
		{FFE5FA6C-0F6A-43DB-B704-72F383B40C03}.Debug|Any CPU.ActiveCfg = Debug|Any CPU
		{FFE5FA6C-0F6A-43DB-B704-72F383B40C03}.Debug|Any CPU.Build.0 = Debug|Any CPU
		{FFE5FA6C-0F6A-43DB-B704-72F383B40C03}.Release|Any CPU.ActiveCfg = Release|Any CPU
		{FFE5FA6C-0F6A-43DB-B704-72F383B40C03}.Release|Any CPU.Build.0 = Release|Any CPU
		{E296646A-8D4D-4F70-BE6B-0F72A64B2A94}.Debug|Any CPU.ActiveCfg = Debug|Any CPU
		{E296646A-8D4D-4F70-BE6B-0F72A64B2A94}.Debug|Any CPU.Build.0 = Debug|Any CPU
		{E296646A-8D4D-4F70-BE6B-0F72A64B2A94}.Release|Any CPU.ActiveCfg = Release|Any CPU
		{E296646A-8D4D-4F70-BE6B-0F72A64B2A94}.Release|Any CPU.Build.0 = Release|Any CPU
		{42317374-060E-4020-8F89-9C8B22206EF8}.Debug|Any CPU.ActiveCfg = Debug|Any CPU
		{42317374-060E-4020-8F89-9C8B22206EF8}.Debug|Any CPU.Build.0 = Debug|Any CPU
		{42317374-060E-4020-8F89-9C8B22206EF8}.Release|Any CPU.ActiveCfg = Release|Any CPU
		{42317374-060E-4020-8F89-9C8B22206EF8}.Release|Any CPU.Build.0 = Release|Any CPU
	EndGlobalSection
	GlobalSection(SolutionProperties) = preSolution
		HideSolutionNode = FALSE
	EndGlobalSection
EndGlobal
